// !$*UTF8*$!
{
	archiveVersion = 1;
	classes = {
	};
	objectVersion = 50;
	objects = {

/* Begin PBXBuildFile section */
		25FEA911239B7A9F00BDA9B7 /* AppDelegate.swift in Sources */ = {isa = PBXBuildFile; fileRef = 25FEA910239B7A9F00BDA9B7 /* AppDelegate.swift */; };
		25FEA913239B7A9F00BDA9B7 /* SceneDelegate.swift in Sources */ = {isa = PBXBuildFile; fileRef = 25FEA912239B7A9F00BDA9B7 /* SceneDelegate.swift */; };
		25FEA915239B7A9F00BDA9B7 /* ContentView.swift in Sources */ = {isa = PBXBuildFile; fileRef = 25FEA914239B7A9F00BDA9B7 /* ContentView.swift */; };
		25FEA917239B7AA000BDA9B7 /* Assets.xcassets in Resources */ = {isa = PBXBuildFile; fileRef = 25FEA916239B7AA000BDA9B7 /* Assets.xcassets */; };
		25FEA91A239B7AA000BDA9B7 /* Preview Assets.xcassets in Resources */ = {isa = PBXBuildFile; fileRef = 25FEA919239B7AA000BDA9B7 /* Preview Assets.xcassets */; };
		25FEA91D239B7AA000BDA9B7 /* LaunchScreen.storyboard in Resources */ = {isa = PBXBuildFile; fileRef = 25FEA91B239B7AA000BDA9B7 /* LaunchScreen.storyboard */; };
/* End PBXBuildFile section */

/* Begin PBXFileReference section */
		25FEA90D239B7A9F00BDA9B7 /* ImageCutter.app */ = {isa = PBXFileReference; explicitFileType = wrapper.application; includeInIndex = 0; path = ImageCutter.app; sourceTree = BUILT_PRODUCTS_DIR; };
		25FEA910239B7A9F00BDA9B7 /* AppDelegate.swift */ = {isa = PBXFileReference; lastKnownFileType = sourcecode.swift; path = AppDelegate.swift; sourceTree = "<group>"; };
		25FEA912239B7A9F00BDA9B7 /* SceneDelegate.swift */ = {isa = PBXFileReference; lastKnownFileType = sourcecode.swift; path = SceneDelegate.swift; sourceTree = "<group>"; };
		25FEA914239B7A9F00BDA9B7 /* ContentView.swift */ = {isa = PBXFileReference; lastKnownFileType = sourcecode.swift; path = ContentView.swift; sourceTree = "<group>"; };
		25FEA916239B7AA000BDA9B7 /* Assets.xcassets */ = {isa = PBXFileReference; lastKnownFileType = folder.assetcatalog; path = Assets.xcassets; sourceTree = "<group>"; };
		25FEA919239B7AA000BDA9B7 /* Preview Assets.xcassets */ = {isa = PBXFileReference; lastKnownFileType = folder.assetcatalog; path = "Preview Assets.xcassets"; sourceTree = "<group>"; };
		25FEA91C239B7AA000BDA9B7 /* Base */ = {isa = PBXFileReference; lastKnownFileType = file.storyboard; name = Base; path = Base.lproj/LaunchScreen.storyboard; sourceTree = "<group>"; };
		25FEA91E239B7AA000BDA9B7 /* Info.plist */ = {isa = PBXFileReference; lastKnownFileType = text.plist.xml; path = Info.plist; sourceTree = "<group>"; };
/* End PBXFileReference section */

/* Begin PBXFrameworksBuildPhase section */
		25FEA90A239B7A9F00BDA9B7 /* Frameworks */ = {
			isa = PBXFrameworksBuildPhase;
			buildActionMask = 2147483647;
			files = (
			);
			runOnlyForDeploymentPostprocessing = 0;
		};
/* End PBXFrameworksBuildPhase section */

/* Begin PBXGroup section */
		25FEA904239B7A9F00BDA9B7 = {
			isa = PBXGroup;
			children = (
				25FEA90F239B7A9F00BDA9B7 /* ImageCutter */,
				25FEA90E239B7A9F00BDA9B7 /* Products */,
			);
			sourceTree = "<group>";
		};
		25FEA90E239B7A9F00BDA9B7 /* Products */ = {
			isa = PBXGroup;
			children = (
				25FEA90D239B7A9F00BDA9B7 /* ImageCutter.app */,
			);
			name = Products;
			sourceTree = "<group>";
		};
		25FEA90F239B7A9F00BDA9B7 /* ImageCutter */ = {
			isa = PBXGroup;
			children = (
				25FEA910239B7A9F00BDA9B7 /* AppDelegate.swift */,
				25FEA912239B7A9F00BDA9B7 /* SceneDelegate.swift */,
				25FEA914239B7A9F00BDA9B7 /* ContentView.swift */,
				25FEA916239B7AA000BDA9B7 /* Assets.xcassets */,
				25FEA91B239B7AA000BDA9B7 /* LaunchScreen.storyboard */,
				25FEA91E239B7AA000BDA9B7 /* Info.plist */,
				25FEA918239B7AA000BDA9B7 /* Preview Content */,
			);
			path = ImageCutter;
			sourceTree = "<group>";
		};
		25FEA918239B7AA000BDA9B7 /* Preview Content */ = {
			isa = PBXGroup;
			children = (
				25FEA919239B7AA000BDA9B7 /* Preview Assets.xcassets */,
			);
			path = "Preview Content";
			sourceTree = "<group>";
		};
/* End PBXGroup section */

/* Begin PBXNativeTarget section */
		25FEA90C239B7A9F00BDA9B7 /* ImageCutter */ = {
			isa = PBXNativeTarget;
			buildConfigurationList = 25FEA921239B7AA000BDA9B7 /* Build configuration list for PBXNativeTarget "ImageCutter" */;
			buildPhases = (
				25FEA909239B7A9F00BDA9B7 /* Sources */,
				25FEA90A239B7A9F00BDA9B7 /* Frameworks */,
				25FEA90B239B7A9F00BDA9B7 /* Resources */,
			);
			buildRules = (
			);
			dependencies = (
			);
			name = ImageCutter;
			productName = ImageCutter;
			productReference = 25FEA90D239B7A9F00BDA9B7 /* ImageCutter.app */;
			productType = "com.apple.product-type.application";
		};
/* End PBXNativeTarget section */

/* Begin PBXProject section */
		25FEA905239B7A9F00BDA9B7 /* Project object */ = {
			isa = PBXProject;
			attributes = {
				LastSwiftUpdateCheck = 1100;
				LastUpgradeCheck = 1100;
				ORGANIZATIONNAME = "Nikunj Prajapati";
				TargetAttributes = {
					25FEA90C239B7A9F00BDA9B7 = {
						CreatedOnToolsVersion = 11.0;
					};
				};
			};
			buildConfigurationList = 25FEA908239B7A9F00BDA9B7 /* Build configuration list for PBXProject "ImageCutter" */;
			compatibilityVersion = "Xcode 9.3";
			developmentRegion = en;
			hasScannedForEncodings = 0;
			knownRegions = (
				en,
				Base,
			);
			mainGroup = 25FEA904239B7A9F00BDA9B7;
			productRefGroup = 25FEA90E239B7A9F00BDA9B7 /* Products */;
			projectDirPath = "";
			projectRoot = "";
			targets = (
				25FEA90C239B7A9F00BDA9B7 /* ImageCutter */,
			);
		};
/* End PBXProject section */

/* Begin PBXResourcesBuildPhase section */
		25FEA90B239B7A9F00BDA9B7 /* Resources */ = {
			isa = PBXResourcesBuildPhase;
			buildActionMask = 2147483647;
			files = (
				25FEA91D239B7AA000BDA9B7 /* LaunchScreen.storyboard in Resources */,
				25FEA91A239B7AA000BDA9B7 /* Preview Assets.xcassets in Resources */,
				25FEA917239B7AA000BDA9B7 /* Assets.xcassets in Resources */,
			);
			runOnlyForDeploymentPostprocessing = 0;
		};
/* End PBXResourcesBuildPhase section */

/* Begin PBXSourcesBuildPhase section */
		25FEA909239B7A9F00BDA9B7 /* Sources */ = {
			isa = PBXSourcesBuildPhase;
			buildActionMask = 2147483647;
			files = (
				25FEA911239B7A9F00BDA9B7 /* AppDelegate.swift in Sources */,
				25FEA913239B7A9F00BDA9B7 /* SceneDelegate.swift in Sources */,
				25FEA915239B7A9F00BDA9B7 /* ContentView.swift in Sources */,
			);
			runOnlyForDeploymentPostprocessing = 0;
		};
/* End PBXSourcesBuildPhase section */

/* Begin PBXVariantGroup section */
		25FEA91B239B7AA000BDA9B7 /* LaunchScreen.storyboard */ = {
			isa = PBXVariantGroup;
			children = (
				25FEA91C239B7AA000BDA9B7 /* Base */,
			);
			name = LaunchScreen.storyboard;
			sourceTree = "<group>";
		};
/* End PBXVariantGroup section */

/* Begin XCBuildConfiguration section */
		25FEA91F239B7AA000BDA9B7 /* Debug */ = {
			isa = XCBuildConfiguration;
			buildSettings = {
				ALWAYS_SEARCH_USER_PATHS = NO;
				CLANG_ANALYZER_NONNULL = YES;
				CLANG_ANALYZER_NUMBER_OBJECT_CONVERSION = YES_AGGRESSIVE;
				CLANG_CXX_LANGUAGE_STANDARD = "gnu++14";
				CLANG_CXX_LIBRARY = "libc++";
				CLANG_ENABLE_MODULES = YES;
				CLANG_ENABLE_OBJC_ARC = YES;
				CLANG_ENABLE_OBJC_WEAK = YES;
				CLANG_WARN_BLOCK_CAPTURE_AUTORELEASING = YES;
				CLANG_WARN_BOOL_CONVERSION = YES;
				CLANG_WARN_COMMA = YES;
				CLANG_WARN_CONSTANT_CONVERSION = YES;
				CLANG_WARN_DEPRECATED_OBJC_IMPLEMENTATIONS = YES;
				CLANG_WARN_DIRECT_OBJC_ISA_USAGE = YES_ERROR;
				CLANG_WARN_DOCUMENTATION_COMMENTS = YES;
				CLANG_WARN_EMPTY_BODY = YES;
				CLANG_WARN_ENUM_CONVERSION = YES;
				CLANG_WARN_INFINITE_RECURSION = YES;
				CLANG_WARN_INT_CONVERSION = YES;
				CLANG_WARN_NON_LITERAL_NULL_CONVERSION = YES;
				CLANG_WARN_OBJC_IMPLICIT_RETAIN_SELF = YES;
				CLANG_WARN_OBJC_LITERAL_CONVERSION = YES;
				CLANG_WARN_OBJC_ROOT_CLASS = YES_ERROR;
				CLANG_WARN_RANGE_LOOP_ANALYSIS = YES;
				CLANG_WARN_STRICT_PROTOTYPES = YES;
				CLANG_WARN_SUSPICIOUS_MOVE = YES;
				CLANG_WARN_UNGUARDED_AVAILABILITY = YES_AGGRESSIVE;
				CLANG_WARN_UNREACHABLE_CODE = YES;
				CLANG_WARN__DUPLICATE_METHOD_MATCH = YES;
				COPY_PHASE_STRIP = NO;
				DEBUG_INFORMATION_FORMAT = dwarf;
				ENABLE_STRICT_OBJC_MSGSEND = YES;
				ENABLE_TESTABILITY = YES;
				GCC_C_LANGUAGE_STANDARD = gnu11;
				GCC_DYNAMIC_NO_PIC = NO;
				GCC_NO_COMMON_BLOCKS = YES;
				GCC_OPTIMIZATION_LEVEL = 0;
				GCC_PREPROCESSOR_DEFINITIONS = (
					"DEBUG=1",
					"$(inherited)",
				);
				GCC_WARN_64_TO_32_BIT_CONVERSION = YES;
				GCC_WARN_ABOUT_RETURN_TYPE = YES_ERROR;
				GCC_WARN_UNDECLARED_SELECTOR = YES;
				GCC_WARN_UNINITIALIZED_AUTOS = YES_AGGRESSIVE;
				GCC_WARN_UNUSED_FUNCTION = YES;
				GCC_WARN_UNUSED_VARIABLE = YES;
				IPHONEOS_DEPLOYMENT_TARGET = 13.0;
				MTL_ENABLE_DEBUG_INFO = INCLUDE_SOURCE;
				MTL_FAST_MATH = YES;
				ONLY_ACTIVE_ARCH = YES;
				SDKROOT = iphoneos;
				SWIFT_ACTIVE_COMPILATION_CONDITIONS = DEBUG;
				SWIFT_OPTIMIZATION_LEVEL = "-Onone";
			};
			name = Debug;
		};
		25FEA920239B7AA000BDA9B7 /* Release */ = {
			isa = XCBuildConfiguration;
			buildSettings = {
				ALWAYS_SEARCH_USER_PATHS = NO;
				CLANG_ANALYZER_NONNULL = YES;
				CLANG_ANALYZER_NUMBER_OBJECT_CONVERSION = YES_AGGRESSIVE;
				CLANG_CXX_LANGUAGE_STANDARD = "gnu++14";
				CLANG_CXX_LIBRARY = "libc++";
				CLANG_ENABLE_MODULES = YES;
				CLANG_ENABLE_OBJC_ARC = YES;
				CLANG_ENABLE_OBJC_WEAK = YES;
				CLANG_WARN_BLOCK_CAPTURE_AUTORELEASING = YES;
				CLANG_WARN_BOOL_CONVERSION = YES;
				CLANG_WARN_COMMA = YES;
				CLANG_WARN_CONSTANT_CONVERSION = YES;
				CLANG_WARN_DEPRECATED_OBJC_IMPLEMENTATIONS = YES;
				CLANG_WARN_DIRECT_OBJC_ISA_USAGE = YES_ERROR;
				CLANG_WARN_DOCUMENTATION_COMMENTS = YES;
				CLANG_WARN_EMPTY_BODY = YES;
				CLANG_WARN_ENUM_CONVERSION = YES;
				CLANG_WARN_INFINITE_RECURSION = YES;
				CLANG_WARN_INT_CONVERSION = YES;
				CLANG_WARN_NON_LITERAL_NULL_CONVERSION = YES;
				CLANG_WARN_OBJC_IMPLICIT_RETAIN_SELF = YES;
				CLANG_WARN_OBJC_LITERAL_CONVERSION = YES;
				CLANG_WARN_OBJC_ROOT_CLASS = YES_ERROR;
				CLANG_WARN_RANGE_LOOP_ANALYSIS = YES;
				CLANG_WARN_STRICT_PROTOTYPES = YES;
				CLANG_WARN_SUSPICIOUS_MOVE = YES;
				CLANG_WARN_UNGUARDED_AVAILABILITY = YES_AGGRESSIVE;
				CLANG_WARN_UNREACHABLE_CODE = YES;
				CLANG_WARN__DUPLICATE_METHOD_MATCH = YES;
				COPY_PHASE_STRIP = NO;
				DEBUG_INFORMATION_FORMAT = "dwarf-with-dsym";
				ENABLE_NS_ASSERTIONS = NO;
				ENABLE_STRICT_OBJC_MSGSEND = YES;
				GCC_C_LANGUAGE_STANDARD = gnu11;
				GCC_NO_COMMON_BLOCKS = YES;
				GCC_WARN_64_TO_32_BIT_CONVERSION = YES;
				GCC_WARN_ABOUT_RETURN_TYPE = YES_ERROR;
				GCC_WARN_UNDECLARED_SELECTOR = YES;
				GCC_WARN_UNINITIALIZED_AUTOS = YES_AGGRESSIVE;
				GCC_WARN_UNUSED_FUNCTION = YES;
				GCC_WARN_UNUSED_VARIABLE = YES;
				IPHONEOS_DEPLOYMENT_TARGET = 13.0;
				MTL_ENABLE_DEBUG_INFO = NO;
				MTL_FAST_MATH = YES;
				SDKROOT = iphoneos;
				SWIFT_COMPILATION_MODE = wholemodule;
				SWIFT_OPTIMIZATION_LEVEL = "-O";
				VALIDATE_PRODUCT = YES;
			};
			name = Release;
		};
		25FEA922239B7AA000BDA9B7 /* Debug */ = {
			isa = XCBuildConfiguration;
			buildSettings = {
				ASSETCATALOG_COMPILER_APPICON_NAME = AppIcon;
				CODE_SIGN_STYLE = Automatic;
				DEVELOPMENT_ASSET_PATHS = "\"ImageCutter/Preview Content\"";
				ENABLE_PREVIEWS = YES;
				INFOPLIST_FILE = ImageCutter/Info.plist;
				LD_RUNPATH_SEARCH_PATHS = (
					"$(inherited)",
					"@executable_path/Frameworks",
				);
				PRODUCT_BUNDLE_IDENTIFIER = Nikunj.ImageCutter;
				PRODUCT_NAME = "$(TARGET_NAME)";
				SWIFT_VERSION = 5.0;
				TARGETED_DEVICE_FAMILY = "1,2";
			};
			name = Debug;
		};
		25FEA923239B7AA000BDA9B7 /* Release */ = {
			isa = XCBuildConfiguration;
			buildSettings = {
				ASSETCATALOG_COMPILER_APPICON_NAME = AppIcon;
				CODE_SIGN_STYLE = Automatic;
				DEVELOPMENT_ASSET_PATHS = "\"ImageCutter/Preview Content\"";
				ENABLE_PREVIEWS = YES;
				INFOPLIST_FILE = ImageCutter/Info.plist;
				LD_RUNPATH_SEARCH_PATHS = (
					"$(inherited)",
					"@executable_path/Frameworks",
				);
				PRODUCT_BUNDLE_IDENTIFIER = Nikunj.ImageCutter;
				PRODUCT_NAME = "$(TARGET_NAME)";
				SWIFT_VERSION = 5.0;
				TARGETED_DEVICE_FAMILY = "1,2";
			};
			name = Release;
		};
/* End XCBuildConfiguration section */

/* Begin XCConfigurationList section */
		25FEA908239B7A9F00BDA9B7 /* Build configuration list for PBXProject "ImageCutter" */ = {
			isa = XCConfigurationList;
			buildConfigurations = (
				25FEA91F239B7AA000BDA9B7 /* Debug */,
				25FEA920239B7AA000BDA9B7 /* Release */,
			);
			defaultConfigurationIsVisible = 0;
			defaultConfigurationName = Release;
		};
		25FEA921239B7AA000BDA9B7 /* Build configuration list for PBXNativeTarget "ImageCutter" */ = {
			isa = XCConfigurationList;
			buildConfigurations = (
				25FEA922239B7AA000BDA9B7 /* Debug */,
				25FEA923239B7AA000BDA9B7 /* Release */,
			);
			defaultConfigurationIsVisible = 0;
			defaultConfigurationName = Release;
		};
/* End XCConfigurationList section */
	};
	rootObject = 25FEA905239B7A9F00BDA9B7 /* Project object */;
}
